
Microsoft Visual Studio Solution File, Format Version 12.00
# Visual Studio 15
VisualStudioVersion = 15.0.28307.902
MinimumVisualStudioVersion = 10.0.40219.1
Project("{FAE04EC0-301F-11D3-BF4B-00C04F79EFBC}") = "test", "test\test.csproj", "{C725A262-0B8A-408F-A71A-45C261AA814E}"
EndProject
Global
	GlobalSection(SolutionConfigurationPlatforms) = preSolution
		Debug|Any CPU = Debug|Any CPU
		Release|Any CPU = Release|Any CPU
	EndGlobalSection
	GlobalSection(ProjectConfigurationPlatforms) = postSolution
		{C725A262-0B8A-408F-A71A-45C261AA814E}.Debug|Any CPU.ActiveCfg = Debug|Any CPU
		{C725A262-0B8A-408F-A71A-45C261AA814E}.Debug|Any CPU.Build.0 = Debug|Any CPU
		{C725A262-0B8A-408F-A71A-45C261AA814E}.Release|Any CPU.ActiveCfg = Release|Any CPU
		{C725A262-0B8A-408F-A71A-45C261AA814E}.Release|Any CPU.Build.0 = Release|Any CPU
	EndGlobalSection
	GlobalSection(SolutionProperties) = preSolution
		HideSolutionNode = FALSE
	EndGlobalSection
	GlobalSection(ExtensibilityGlobals) = postSolution
		SolutionGuid = {AFCD15ED-20AA-4E20-94C1-A1E22CB05C86}
	EndGlobalSection
EndGlobal
